// !$*UTF8*$!
{
	archiveVersion = 1;
	classes = {
	};
	objectVersion = 46;
	objects = {

/* Begin PBXBuildFile section */
		5029AB6815553ECA0013DEA9 /* UIKit.framework in Frameworks */ = {isa = PBXBuildFile; fileRef = 5029AB6715553ECA0013DEA9 /* UIKit.framework */; };
		5029AB6A15553ECA0013DEA9 /* Foundation.framework in Frameworks */ = {isa = PBXBuildFile; fileRef = 5029AB6915553ECA0013DEA9 /* Foundation.framework */; };
		5029AB6C15553ECA0013DEA9 /* CoreGraphics.framework in Frameworks */ = {isa = PBXBuildFile; fileRef = 5029AB6B15553ECA0013DEA9 /* CoreGraphics.framework */; };
		5029AB7215553ECA0013DEA9 /* InfoPlist.strings in Resources */ = {isa = PBXBuildFile; fileRef = 5029AB7015553ECA0013DEA9 /* InfoPlist.strings */; };
		5029AB7415553ECA0013DEA9 /* main.m in Sources */ = {isa = PBXBuildFile; fileRef = 5029AB7315553ECA0013DEA9 /* main.m */; };
		5029AB7815553ECA0013DEA9 /* MWAppDelegate.m in Sources */ = {isa = PBXBuildFile; fileRef = 5029AB7715553ECA0013DEA9 /* MWAppDelegate.m */; };
		5029AB7B15553ECA0013DEA9 /* MWViewController.m in Sources */ = {isa = PBXBuildFile; fileRef = 5029AB7A15553ECA0013DEA9 /* MWViewController.m */; };
		5029AB7E15553ECA0013DEA9 /* MWViewController.xib in Resources */ = {isa = PBXBuildFile; fileRef = 5029AB7C15553ECA0013DEA9 /* MWViewController.xib */; };
		5029AB8B15554A390013DEA9 /* ABRSMGrade1.png in Resources */ = {isa = PBXBuildFile; fileRef = 5029AB8915554A390013DEA9 /* ABRSMGrade1.png */; };
		5029AB8C15554A390013DEA9 /* ABRSMGrade1@2x.png in Resources */ = {isa = PBXBuildFile; fileRef = 5029AB8A15554A390013DEA9 /* ABRSMGrade1@2x.png */; };
		5029AB9015554E560013DEA9 /* PracticeViewController.m in Sources */ = {isa = PBXBuildFile; fileRef = 5029AB8E15554E560013DEA9 /* PracticeViewController.m */; };
		5029AB9115554E560013DEA9 /* PracticeViewController.xib in Resources */ = {isa = PBXBuildFile; fileRef = 5029AB8F15554E560013DEA9 /* PracticeViewController.xib */; };
		5029AB961555522B0013DEA9 /* 19-check.png in Resources */ = {isa = PBXBuildFile; fileRef = 5029AB921555522B0013DEA9 /* 19-check.png */; };
		5029AB971555522B0013DEA9 /* 19-check@2x.png in Resources */ = {isa = PBXBuildFile; fileRef = 5029AB931555522B0013DEA9 /* 19-check@2x.png */; };
		5029AB981555522B0013DEA9 /* 20-no.png in Resources */ = {isa = PBXBuildFile; fileRef = 5029AB941555522B0013DEA9 /* 20-no.png */; };
		5029AB991555522B0013DEA9 /* 20-no@2x.png in Resources */ = {isa = PBXBuildFile; fileRef = 5029AB951555522B0013DEA9 /* 20-no@2x.png */; };
		50FF5C4515555628006256F1 /* Grade.m in Sources */ = {isa = PBXBuildFile; fileRef = 50FF5C4415555628006256F1 /* Grade.m */; };
		50FF5C491555672E006256F1 /* ABRSMGrade1Piano.plist in Resources */ = {isa = PBXBuildFile; fileRef = 50FF5C481555672E006256F1 /* ABRSMGrade1Piano.plist */; };
/* End PBXBuildFile section */

/* Begin PBXFileReference section */
		5029AB6315553ECA0013DEA9 /* ScalePractice.app */ = {isa = PBXFileReference; explicitFileType = wrapper.application; includeInIndex = 0; path = ScalePractice.app; sourceTree = BUILT_PRODUCTS_DIR; };
		5029AB6715553ECA0013DEA9 /* UIKit.framework */ = {isa = PBXFileReference; lastKnownFileType = wrapper.framework; name = UIKit.framework; path = System/Library/Frameworks/UIKit.framework; sourceTree = SDKROOT; };
		5029AB6915553ECA0013DEA9 /* Foundation.framework */ = {isa = PBXFileReference; lastKnownFileType = wrapper.framework; name = Foundation.framework; path = System/Library/Frameworks/Foundation.framework; sourceTree = SDKROOT; };
		5029AB6B15553ECA0013DEA9 /* CoreGraphics.framework */ = {isa = PBXFileReference; lastKnownFileType = wrapper.framework; name = CoreGraphics.framework; path = System/Library/Frameworks/CoreGraphics.framework; sourceTree = SDKROOT; };
		5029AB6F15553ECA0013DEA9 /* ScalePractice-Info.plist */ = {isa = PBXFileReference; lastKnownFileType = text.plist.xml; path = "ScalePractice-Info.plist"; sourceTree = "<group>"; };
		5029AB7115553ECA0013DEA9 /* en */ = {isa = PBXFileReference; lastKnownFileType = text.plist.strings; name = en; path = en.lproj/InfoPlist.strings; sourceTree = "<group>"; };
		5029AB7315553ECA0013DEA9 /* main.m */ = {isa = PBXFileReference; lastKnownFileType = sourcecode.c.objc; path = main.m; sourceTree = "<group>"; };
		5029AB7515553ECA0013DEA9 /* ScalePractice-Prefix.pch */ = {isa = PBXFileReference; lastKnownFileType = sourcecode.c.h; path = "ScalePractice-Prefix.pch"; sourceTree = "<group>"; };
		5029AB7615553ECA0013DEA9 /* MWAppDelegate.h */ = {isa = PBXFileReference; lastKnownFileType = sourcecode.c.h; path = MWAppDelegate.h; sourceTree = "<group>"; };
		5029AB7715553ECA0013DEA9 /* MWAppDelegate.m */ = {isa = PBXFileReference; lastKnownFileType = sourcecode.c.objc; path = MWAppDelegate.m; sourceTree = "<group>"; };
		5029AB7915553ECA0013DEA9 /* MWViewController.h */ = {isa = PBXFileReference; lastKnownFileType = sourcecode.c.h; path = MWViewController.h; sourceTree = "<group>"; };
		5029AB7A15553ECA0013DEA9 /* MWViewController.m */ = {isa = PBXFileReference; lastKnownFileType = sourcecode.c.objc; path = MWViewController.m; sourceTree = "<group>"; };
		5029AB7D15553ECA0013DEA9 /* en */ = {isa = PBXFileReference; lastKnownFileType = file.xib; name = en; path = en.lproj/MWViewController.xib; sourceTree = "<group>"; };
		5029AB8915554A390013DEA9 /* ABRSMGrade1.png */ = {isa = PBXFileReference; lastKnownFileType = image.png; name = ABRSMGrade1.png; path = Images/ABRSMGrade1.png; sourceTree = "<group>"; };
		5029AB8A15554A390013DEA9 /* ABRSMGrade1@2x.png */ = {isa = PBXFileReference; lastKnownFileType = image.png; name = "ABRSMGrade1@2x.png"; path = "Images/ABRSMGrade1@2x.png"; sourceTree = "<group>"; };
		5029AB8D15554E560013DEA9 /* PracticeViewController.h */ = {isa = PBXFileReference; fileEncoding = 4; lastKnownFileType = sourcecode.c.h; path = PracticeViewController.h; sourceTree = "<group>"; };
		5029AB8E15554E560013DEA9 /* PracticeViewController.m */ = {isa = PBXFileReference; fileEncoding = 4; lastKnownFileType = sourcecode.c.objc; path = PracticeViewController.m; sourceTree = "<group>"; };
		5029AB8F15554E560013DEA9 /* PracticeViewController.xib */ = {isa = PBXFileReference; fileEncoding = 4; lastKnownFileType = file.xib; path = PracticeViewController.xib; sourceTree = "<group>"; };
		5029AB921555522B0013DEA9 /* 19-check.png */ = {isa = PBXFileReference; lastKnownFileType = image.png; path = "19-check.png"; sourceTree = "<group>"; };
		5029AB931555522B0013DEA9 /* 19-check@2x.png */ = {isa = PBXFileReference; lastKnownFileType = image.png; path = "19-check@2x.png"; sourceTree = "<group>"; };
		5029AB941555522B0013DEA9 /* 20-no.png */ = {isa = PBXFileReference; lastKnownFileType = image.png; path = "20-no.png"; sourceTree = "<group>"; };
		5029AB951555522B0013DEA9 /* 20-no@2x.png */ = {isa = PBXFileReference; lastKnownFileType = image.png; path = "20-no@2x.png"; sourceTree = "<group>"; };
		50FF5C4315555628006256F1 /* Grade.h */ = {isa = PBXFileReference; fileEncoding = 4; lastKnownFileType = sourcecode.c.h; name = Grade.h; path = ../Grade.h; sourceTree = "<group>"; };
		50FF5C4415555628006256F1 /* Grade.m */ = {isa = PBXFileReference; fileEncoding = 4; lastKnownFileType = sourcecode.c.objc; name = Grade.m; path = ../Grade.m; sourceTree = "<group>"; };
		50FF5C481555672E006256F1 /* ABRSMGrade1Piano.plist */ = {isa = PBXFileReference; fileEncoding = 4; lastKnownFileType = text.plist.xml; path = ABRSMGrade1Piano.plist; sourceTree = "<group>"; };
/* End PBXFileReference section */

/* Begin PBXFrameworksBuildPhase section */
		5029AB6015553ECA0013DEA9 /* Frameworks */ = {
			isa = PBXFrameworksBuildPhase;
			buildActionMask = 2147483647;
			files = (
				5029AB6815553ECA0013DEA9 /* UIKit.framework in Frameworks */,
				5029AB6A15553ECA0013DEA9 /* Foundation.framework in Frameworks */,
				5029AB6C15553ECA0013DEA9 /* CoreGraphics.framework in Frameworks */,
			);
			runOnlyForDeploymentPostprocessing = 0;
		};
/* End PBXFrameworksBuildPhase section */

/* Begin PBXGroup section */
		5029AB5815553EC90013DEA9 = {
			isa = PBXGroup;
			children = (
				5029AB6D15553ECA0013DEA9 /* ScalePractice */,
				50FF5C47155566E9006256F1 /* Grades */,
				5029AB6615553ECA0013DEA9 /* Frameworks */,
				5029AB6415553ECA0013DEA9 /* Products */,
			);
			sourceTree = "<group>";
		};
		5029AB6415553ECA0013DEA9 /* Products */ = {
			isa = PBXGroup;
			children = (
				5029AB6315553ECA0013DEA9 /* ScalePractice.app */,
			);
			name = Products;
			sourceTree = "<group>";
		};
		5029AB6615553ECA0013DEA9 /* Frameworks */ = {
			isa = PBXGroup;
			children = (
				5029AB6715553ECA0013DEA9 /* UIKit.framework */,
				5029AB6915553ECA0013DEA9 /* Foundation.framework */,
				5029AB6B15553ECA0013DEA9 /* CoreGraphics.framework */,
			);
			name = Frameworks;
			sourceTree = "<group>";
		};
		5029AB6D15553ECA0013DEA9 /* ScalePractice */ = {
			isa = PBXGroup;
			children = (
				5029AB8815554A260013DEA9 /* Images */,
				5029AB7615553ECA0013DEA9 /* MWAppDelegate.h */,
				5029AB7715553ECA0013DEA9 /* MWAppDelegate.m */,
				5029AB7915553ECA0013DEA9 /* MWViewController.h */,
				5029AB7A15553ECA0013DEA9 /* MWViewController.m */,
				5029AB7C15553ECA0013DEA9 /* MWViewController.xib */,
				5029AB8D15554E560013DEA9 /* PracticeViewController.h */,
				5029AB8E15554E560013DEA9 /* PracticeViewController.m */,
				5029AB8F15554E560013DEA9 /* PracticeViewController.xib */,
				5029AB6E15553ECA0013DEA9 /* Supporting Files */,
				50FF5C4315555628006256F1 /* Grade.h */,
				50FF5C4415555628006256F1 /* Grade.m */,
			);
			path = ScalePractice;
			sourceTree = "<group>";
		};
		5029AB6E15553ECA0013DEA9 /* Supporting Files */ = {
			isa = PBXGroup;
			children = (
				5029AB6F15553ECA0013DEA9 /* ScalePractice-Info.plist */,
				5029AB7015553ECA0013DEA9 /* InfoPlist.strings */,
				5029AB7315553ECA0013DEA9 /* main.m */,
				5029AB7515553ECA0013DEA9 /* ScalePractice-Prefix.pch */,
			);
			name = "Supporting Files";
			sourceTree = "<group>";
		};
		5029AB8815554A260013DEA9 /* Images */ = {
			isa = PBXGroup;
			children = (
				5029AB921555522B0013DEA9 /* 19-check.png */,
				5029AB931555522B0013DEA9 /* 19-check@2x.png */,
				5029AB941555522B0013DEA9 /* 20-no.png */,
				5029AB951555522B0013DEA9 /* 20-no@2x.png */,
				5029AB8915554A390013DEA9 /* ABRSMGrade1.png */,
				5029AB8A15554A390013DEA9 /* ABRSMGrade1@2x.png */,
			);
			name = Images;
			sourceTree = "<group>";
		};
		50FF5C47155566E9006256F1 /* Grades */ = {
			isa = PBXGroup;
			children = (
				50FF5C481555672E006256F1 /* ABRSMGrade1Piano.plist */,
			);
			name = Grades;
			sourceTree = "<group>";
		};
/* End PBXGroup section */

/* Begin PBXNativeTarget section */
		5029AB6215553ECA0013DEA9 /* ScalePractice */ = {
			isa = PBXNativeTarget;
			buildConfigurationList = 5029AB8115553ECA0013DEA9 /* Build configuration list for PBXNativeTarget "ScalePractice" */;
			buildPhases = (
				5029AB5F15553ECA0013DEA9 /* Sources */,
				5029AB6015553ECA0013DEA9 /* Frameworks */,
				5029AB6115553ECA0013DEA9 /* Resources */,
			);
			buildRules = (
			);
			dependencies = (
			);
			name = ScalePractice;
			productName = ScalePractice;
			productReference = 5029AB6315553ECA0013DEA9 /* ScalePractice.app */;
			productType = "com.apple.product-type.application";
		};
/* End PBXNativeTarget section */

/* Begin PBXProject section */
		5029AB5A15553EC90013DEA9 /* Project object */ = {
			isa = PBXProject;
			attributes = {
				CLASSPREFIX = MW;
				LastUpgradeCheck = 0430;
			};
			buildConfigurationList = 5029AB5D15553EC90013DEA9 /* Build configuration list for PBXProject "ScalePractice" */;
			compatibilityVersion = "Xcode 3.2";
			developmentRegion = English;
			hasScannedForEncodings = 0;
			knownRegions = (
				en,
			);
			mainGroup = 5029AB5815553EC90013DEA9;
			productRefGroup = 5029AB6415553ECA0013DEA9 /* Products */;
			projectDirPath = "";
			projectRoot = "";
			targets = (
				5029AB6215553ECA0013DEA9 /* ScalePractice */,
			);
		};
/* End PBXProject section */

/* Begin PBXResourcesBuildPhase section */
		5029AB6115553ECA0013DEA9 /* Resources */ = {
			isa = PBXResourcesBuildPhase;
			buildActionMask = 2147483647;
			files = (
				5029AB7215553ECA0013DEA9 /* InfoPlist.strings in Resources */,
				5029AB7E15553ECA0013DEA9 /* MWViewController.xib in Resources */,
				5029AB8B15554A390013DEA9 /* ABRSMGrade1.png in Resources */,
				5029AB8C15554A390013DEA9 /* ABRSMGrade1@2x.png in Resources */,
				5029AB9115554E560013DEA9 /* PracticeViewController.xib in Resources */,
				5029AB961555522B0013DEA9 /* 19-check.png in Resources */,
				5029AB971555522B0013DEA9 /* 19-check@2x.png in Resources */,
				5029AB981555522B0013DEA9 /* 20-no.png in Resources */,
				5029AB991555522B0013DEA9 /* 20-no@2x.png in Resources */,
				50FF5C491555672E006256F1 /* ABRSMGrade1Piano.plist in Resources */,
			);
			runOnlyForDeploymentPostprocessing = 0;
		};
/* End PBXResourcesBuildPhase section */

/* Begin PBXSourcesBuildPhase section */
		5029AB5F15553ECA0013DEA9 /* Sources */ = {
			isa = PBXSourcesBuildPhase;
			buildActionMask = 2147483647;
			files = (
				5029AB7415553ECA0013DEA9 /* main.m in Sources */,
				5029AB7815553ECA0013DEA9 /* MWAppDelegate.m in Sources */,
				5029AB7B15553ECA0013DEA9 /* MWViewController.m in Sources */,
				5029AB9015554E560013DEA9 /* PracticeViewController.m in Sources */,
				50FF5C4515555628006256F1 /* Grade.m in Sources */,
			);
			runOnlyForDeploymentPostprocessing = 0;
		};
/* End PBXSourcesBuildPhase section */

/* Begin PBXVariantGroup section */
		5029AB7015553ECA0013DEA9 /* InfoPlist.strings */ = {
			isa = PBXVariantGroup;
			children = (
				5029AB7115553ECA0013DEA9 /* en */,
			);
			name = InfoPlist.strings;
			sourceTree = "<group>";
		};
		5029AB7C15553ECA0013DEA9 /* MWViewController.xib */ = {
			isa = PBXVariantGroup;
			children = (
				5029AB7D15553ECA0013DEA9 /* en */,
			);
			name = MWViewController.xib;
			sourceTree = "<group>";
		};
/* End PBXVariantGroup section */

/* Begin XCBuildConfiguration section */
		5029AB7F15553ECA0013DEA9 /* Debug */ = {
			isa = XCBuildConfiguration;
			buildSettings = {
				ALWAYS_SEARCH_USER_PATHS = NO;
				ARCHS = "$(ARCHS_STANDARD_32_BIT)";
				CLANG_ENABLE_OBJC_ARC = YES;
				"CODE_SIGN_IDENTITY[sdk=iphoneos*]" = "iPhone Developer";
				COPY_PHASE_STRIP = NO;
				GCC_C_LANGUAGE_STANDARD = gnu99;
				GCC_DYNAMIC_NO_PIC = NO;
				GCC_OPTIMIZATION_LEVEL = 0;
				GCC_PREPROCESSOR_DEFINITIONS = (
					"DEBUG=1",
					"$(inherited)",
				);
				GCC_SYMBOLS_PRIVATE_EXTERN = NO;
				GCC_VERSION = com.apple.compilers.llvm.clang.1_0;
				GCC_WARN_ABOUT_RETURN_TYPE = YES;
				GCC_WARN_UNINITIALIZED_AUTOS = YES;
				GCC_WARN_UNUSED_VARIABLE = YES;
				IPHONEOS_DEPLOYMENT_TARGET = 5.1;
				SDKROOT = iphoneos;
			};
			name = Debug;
		};
		5029AB8015553ECA0013DEA9 /* Release */ = {
			isa = XCBuildConfiguration;
			buildSettings = {
				ALWAYS_SEARCH_USER_PATHS = NO;
				ARCHS = "$(ARCHS_STANDARD_32_BIT)";
				CLANG_ENABLE_OBJC_ARC = YES;
				"CODE_SIGN_IDENTITY[sdk=iphoneos*]" = "iPhone Developer";
				COPY_PHASE_STRIP = YES;
				GCC_C_LANGUAGE_STANDARD = gnu99;
				GCC_VERSION = com.apple.compilers.llvm.clang.1_0;
				GCC_WARN_ABOUT_RETURN_TYPE = YES;
				GCC_WARN_UNINITIALIZED_AUTOS = YES;
				GCC_WARN_UNUSED_VARIABLE = YES;
				IPHONEOS_DEPLOYMENT_TARGET = 5.1;
				OTHER_CFLAGS = "-DNS_BLOCK_ASSERTIONS=1";
				SDKROOT = iphoneos;
				VALIDATE_PRODUCT = YES;
			};
			name = Release;
		};
		5029AB8215553ECA0013DEA9 /* Debug */ = {
			isa = XCBuildConfiguration;
			buildSettings = {
				CODE_SIGN_IDENTITY = "iPhone Developer: Max Woolf (35C7AH5D5T)";
				GCC_PRECOMPILE_PREFIX_HEADER = YES;
				GCC_PREFIX_HEADER = "ScalePractice/ScalePractice-Prefix.pch";
				INFOPLIST_FILE = "ScalePractice/ScalePractice-Info.plist";
				PRODUCT_NAME = "$(TARGET_NAME)";
				PROVISIONING_PROFILE = "D0BDDB90-9DEA-494A-AA9F-1B2E494367C6";
				WRAPPER_EXTENSION = app;
			};
			name = Debug;
		};
		5029AB8315553ECA0013DEA9 /* Release */ = {
			isa = XCBuildConfiguration;
			buildSettings = {
				CODE_SIGN_IDENTITY = "iPhone Developer: Max Woolf (35C7AH5D5T)";
				GCC_PRECOMPILE_PREFIX_HEADER = YES;
				GCC_PREFIX_HEADER = "ScalePractice/ScalePractice-Prefix.pch";
				INFOPLIST_FILE = "ScalePractice/ScalePractice-Info.plist";
				PRODUCT_NAME = "$(TARGET_NAME)";
				PROVISIONING_PROFILE = "D0BDDB90-9DEA-494A-AA9F-1B2E494367C6";
				WRAPPER_EXTENSION = app;
			};
			name = Release;
		};
/* End XCBuildConfiguration section */

/* Begin XCConfigurationList section */
		5029AB5D15553EC90013DEA9 /* Build configuration list for PBXProject "ScalePractice" */ = {
			isa = XCConfigurationList;
			buildConfigurations = (
				5029AB7F15553ECA0013DEA9 /* Debug */,
				5029AB8015553ECA0013DEA9 /* Release */,
			);
			defaultConfigurationIsVisible = 0;
			defaultConfigurationName = Release;
		};
		5029AB8115553ECA0013DEA9 /* Build configuration list for PBXNativeTarget "ScalePractice" */ = {
			isa = XCConfigurationList;
			buildConfigurations = (
				5029AB8215553ECA0013DEA9 /* Debug */,
				5029AB8315553ECA0013DEA9 /* Release */,
			);
			defaultConfigurationIsVisible = 0;
			defaultConfigurationName = Release;
		};
/* End XCConfigurationList section */
	};
	rootObject = 5029AB5A15553EC90013DEA9 /* Project object */;
}
